
Microsoft Visual Studio Solution File, Format Version 12.00
# Visual Studio Version 17
VisualStudioVersion = 17.4.33213.308
MinimumVisualStudioVersion = 10.0.40219.1
Project("{FAE04EC0-301F-11D3-BF4B-00C04F79EFBC}") = "Labb2Webbutveckling.Server", "Labb2Webbutveckling\Server\Labb2Webbutveckling.Server.csproj", "{607F3E47-37E0-451A-BDF2-636DDBD9D366}"
EndProject
Project("{FAE04EC0-301F-11D3-BF4B-00C04F79EFBC}") = "Labb2Webbutveckling.Client", "Labb2Webbutveckling\Client\Labb2Webbutveckling.Client.csproj", "{C65E5F66-FE8A-4192-B673-D474996C498B}"
EndProject
Project("{FAE04EC0-301F-11D3-BF4B-00C04F79EFBC}") = "Labb2Webbutveckling.Shared", "Labb2Webbutveckling\Shared\Labb2Webbutveckling.Shared.csproj", "{F323D52B-1984-447E-8C95-08DC38792241}"
EndProject
Project("{FAE04EC0-301F-11D3-BF4B-00C04F79EFBC}") = "DataAccess", "DataAccess\DataAccess.csproj", "{F2977793-FC99-4422-A257-7FCD5C5FEC05}"
EndProject
Global
	GlobalSection(SolutionConfigurationPlatforms) = preSolution
		Debug|Any CPU = Debug|Any CPU
		Release|Any CPU = Release|Any CPU
	EndGlobalSection
	GlobalSection(ProjectConfigurationPlatforms) = postSolution
		{607F3E47-37E0-451A-BDF2-636DDBD9D366}.Debug|Any CPU.ActiveCfg = Debug|Any CPU
		{607F3E47-37E0-451A-BDF2-636DDBD9D366}.Debug|Any CPU.Build.0 = Debug|Any CPU
		{607F3E47-37E0-451A-BDF2-636DDBD9D366}.Release|Any CPU.ActiveCfg = Release|Any CPU
		{607F3E47-37E0-451A-BDF2-636DDBD9D366}.Release|Any CPU.Build.0 = Release|Any CPU
		{C65E5F66-FE8A-4192-B673-D474996C498B}.Debug|Any CPU.ActiveCfg = Debug|Any CPU
		{C65E5F66-FE8A-4192-B673-D474996C498B}.Debug|Any CPU.Build.0 = Debug|Any CPU
		{C65E5F66-FE8A-4192-B673-D474996C498B}.Release|Any CPU.ActiveCfg = Release|Any CPU
		{C65E5F66-FE8A-4192-B673-D474996C498B}.Release|Any CPU.Build.0 = Release|Any CPU
		{F323D52B-1984-447E-8C95-08DC38792241}.Debug|Any CPU.ActiveCfg = Debug|Any CPU
		{F323D52B-1984-447E-8C95-08DC38792241}.Debug|Any CPU.Build.0 = Debug|Any CPU
		{F323D52B-1984-447E-8C95-08DC38792241}.Release|Any CPU.ActiveCfg = Release|Any CPU
		{F323D52B-1984-447E-8C95-08DC38792241}.Release|Any CPU.Build.0 = Release|Any CPU
		{F2977793-FC99-4422-A257-7FCD5C5FEC05}.Debug|Any CPU.ActiveCfg = Debug|Any CPU
		{F2977793-FC99-4422-A257-7FCD5C5FEC05}.Debug|Any CPU.Build.0 = Debug|Any CPU
		{F2977793-FC99-4422-A257-7FCD5C5FEC05}.Release|Any CPU.ActiveCfg = Release|Any CPU
		{F2977793-FC99-4422-A257-7FCD5C5FEC05}.Release|Any CPU.Build.0 = Release|Any CPU
	EndGlobalSection
	GlobalSection(SolutionProperties) = preSolution
		HideSolutionNode = FALSE
	EndGlobalSection
	GlobalSection(ExtensibilityGlobals) = postSolution
		SolutionGuid = {C8CBC436-76C3-4F50-BB1F-6201EBCC6503}
	EndGlobalSection
EndGlobal
